
Microsoft Visual Studio Solution File, Format Version 12.00
# Visual Studio 2017
Project("{FAE04EC0-301F-11D3-BF4B-00C04F79EFBC}") = "SuperNEON", "SuperNEON.csproj", "{6221C9B9-EE5D-0423-2705-8EE7631F4EEF}"
EndProject
Project("{FAE04EC0-301F-11D3-BF4B-00C04F79EFBC}") = "SuperNEON.Editor", "SuperNEON.Editor.csproj", "{62CE2F87-E352-AF67-DC02-05C2A9040A5D}"
EndProject
Global
	GlobalSection(SolutionConfigurationPlatforms) = preSolution
		Debug|Any CPU = Debug|Any CPU
		Release|Any CPU = Release|Any CPU
	EndGlobalSection
	GlobalSection(ProjectConfigurationPlatforms) = postSolution
		{6221C9B9-EE5D-0423-2705-8EE7631F4EEF}.Debug|Any CPU.ActiveCfg = Debug|Any CPU
		{6221C9B9-EE5D-0423-2705-8EE7631F4EEF}.Debug|Any CPU.Build.0 = Debug|Any CPU
		{6221C9B9-EE5D-0423-2705-8EE7631F4EEF}.Release|Any CPU.ActiveCfg = Release|Any CPU
		{6221C9B9-EE5D-0423-2705-8EE7631F4EEF}.Release|Any CPU.Build.0 = Release|Any CPU
		{62CE2F87-E352-AF67-DC02-05C2A9040A5D}.Debug|Any CPU.ActiveCfg = Debug|Any CPU
		{62CE2F87-E352-AF67-DC02-05C2A9040A5D}.Debug|Any CPU.Build.0 = Debug|Any CPU
		{62CE2F87-E352-AF67-DC02-05C2A9040A5D}.Release|Any CPU.ActiveCfg = Release|Any CPU
		{62CE2F87-E352-AF67-DC02-05C2A9040A5D}.Release|Any CPU.Build.0 = Release|Any CPU
	EndGlobalSection
	GlobalSection(SolutionProperties) = preSolution
		HideSolutionNode = FALSE
	EndGlobalSection
EndGlobal
